
Microsoft Visual Studio Solution File, Format Version 12.00
# Visual Studio 14
VisualStudioVersion = 14.0.23107.0
MinimumVisualStudioVersion = 10.0.40219.1
Project("{FAE04EC0-301F-11D3-BF4B-00C04F79EFBC}") = "DirSyncService", "DirSyncService\DirSyncService.csproj", "{28F623A3-770C-4F26-957C-A117FEFDD6CC}"
EndProject
Global
	GlobalSection(SolutionConfigurationPlatforms) = preSolution
		Debug|Any CPU = Debug|Any CPU
		Release|Any CPU = Release|Any CPU
	EndGlobalSection
	GlobalSection(ProjectConfigurationPlatforms) = postSolution
		{28F623A3-770C-4F26-957C-A117FEFDD6CC}.Debug|Any CPU.ActiveCfg = Debug|Any CPU
		{28F623A3-770C-4F26-957C-A117FEFDD6CC}.Debug|Any CPU.Build.0 = Debug|Any CPU
		{28F623A3-770C-4F26-957C-A117FEFDD6CC}.Release|Any CPU.ActiveCfg = Release|Any CPU
		{28F623A3-770C-4F26-957C-A117FEFDD6CC}.Release|Any CPU.Build.0 = Release|Any CPU
	EndGlobalSection
	GlobalSection(SolutionProperties) = preSolution
		HideSolutionNode = FALSE
	EndGlobalSection
EndGlobal
